// !$*UTF8*$!
{
	archiveVersion = 1;
	classes = {
	};
	objectVersion = 50;
	objects = {

/* Begin PBXBuildFile section */
		1304B08521915FCA00BD978B /* main.cpp in Sources */ = {isa = PBXBuildFile; fileRef = 1304B08421915FCA00BD978B /* main.cpp */; };
		1304B099219181F600BD978B /* libglfw.3.2.dylib in Frameworks */ = {isa = PBXBuildFile; fileRef = 1304B098219181F600BD978B /* libglfw.3.2.dylib */; };
		1304B09F2191846600BD978B /* glad.c in Sources */ = {isa = PBXBuildFile; fileRef = 1304B09E2191846600BD978B /* glad.c */; };
		1304B0A22192D43900BD978B /* Shader.cpp in Sources */ = {isa = PBXBuildFile; fileRef = 1304B0A02192D43900BD978B /* Shader.cpp */; };
		1304B2A32194262C00BD978B /* std_image.cpp in Sources */ = {isa = PBXBuildFile; fileRef = 1304B2A22194262C00BD978B /* std_image.cpp */; };
		13709DE32195763100B5A0E2 /* libassimpd.3.1.1.dylib in Frameworks */ = {isa = PBXBuildFile; fileRef = 13709DE22195763100B5A0E2 /* libassimpd.3.1.1.dylib */; };
		13709DE6219577C800B5A0E2 /* Mesh.cpp in Sources */ = {isa = PBXBuildFile; fileRef = 13709DE4219577C800B5A0E2 /* Mesh.cpp */; };
		13709DE921957A9D00B5A0E2 /* Model.cpp in Sources */ = {isa = PBXBuildFile; fileRef = 13709DE721957A9D00B5A0E2 /* Model.cpp */; };
/* End PBXBuildFile section */

/* Begin PBXCopyFilesBuildPhase section */
		1304B07F21915FCA00BD978B /* CopyFiles */ = {
			isa = PBXCopyFilesBuildPhase;
			buildActionMask = 2147483647;
			dstPath = /usr/share/man/man1/;
			dstSubfolderSpec = 0;
			files = (
			);
			runOnlyForDeploymentPostprocessing = 1;
		};
/* End PBXCopyFilesBuildPhase section */

/* Begin PBXFileReference section */
		1304B08121915FCA00BD978B /* OpenGL */ = {isa = PBXFileReference; explicitFileType = "compiled.mach-o.executable"; includeInIndex = 0; path = OpenGL; sourceTree = BUILT_PRODUCTS_DIR; };
		1304B08421915FCA00BD978B /* main.cpp */ = {isa = PBXFileReference; lastKnownFileType = sourcecode.cpp.cpp; path = main.cpp; sourceTree = "<group>"; };
		1304B08E21917C9E00BD978B /* OpenGL.framework */ = {isa = PBXFileReference; lastKnownFileType = wrapper.framework; name = OpenGL.framework; path = System/Library/Frameworks/OpenGL.framework; sourceTree = SDKROOT; };
		1304B095219181F600BD978B /* glfw3.h */ = {isa = PBXFileReference; fileEncoding = 4; lastKnownFileType = sourcecode.c.h; path = glfw3.h; sourceTree = "<group>"; };
		1304B096219181F600BD978B /* glfw3native.h */ = {isa = PBXFileReference; fileEncoding = 4; lastKnownFileType = sourcecode.c.h; path = glfw3native.h; sourceTree = "<group>"; };
		1304B098219181F600BD978B /* libglfw.3.2.dylib */ = {isa = PBXFileReference; lastKnownFileType = "compiled.mach-o.dylib"; path = libglfw.3.2.dylib; sourceTree = "<group>"; };
		1304B09B2191845D00BD978B /* khrplatform.h */ = {isa = PBXFileReference; fileEncoding = 4; lastKnownFileType = sourcecode.c.h; path = khrplatform.h; sourceTree = "<group>"; };
		1304B09D2191845D00BD978B /* glad.h */ = {isa = PBXFileReference; fileEncoding = 4; lastKnownFileType = sourcecode.c.h; path = glad.h; sourceTree = "<group>"; };
		1304B09E2191846600BD978B /* glad.c */ = {isa = PBXFileReference; fileEncoding = 4; lastKnownFileType = sourcecode.c.c; path = glad.c; sourceTree = "<group>"; };
		1304B0A02192D43900BD978B /* Shader.cpp */ = {isa = PBXFileReference; lastKnownFileType = sourcecode.cpp.cpp; path = Shader.cpp; sourceTree = "<group>"; };
		1304B0A12192D43900BD978B /* Shader.hpp */ = {isa = PBXFileReference; lastKnownFileType = sourcecode.cpp.h; path = Shader.hpp; sourceTree = "<group>"; };
		1304B0A42192DB8E00BD978B /* lamp.vs */ = {isa = PBXFileReference; fileEncoding = 4; lastKnownFileType = sourcecode.glsl; path = lamp.vs; sourceTree = "<group>"; };
		1304B0A52192DB8E00BD978B /* lamp.fs */ = {isa = PBXFileReference; fileEncoding = 4; lastKnownFileType = sourcecode.glsl; path = lamp.fs; sourceTree = "<group>"; };
		1304B2A1219425CE00BD978B /* std_image.h */ = {isa = PBXFileReference; lastKnownFileType = sourcecode.c.h; path = std_image.h; sourceTree = "<group>"; };
		1304B2A22194262C00BD978B /* std_image.cpp */ = {isa = PBXFileReference; lastKnownFileType = sourcecode.cpp.cpp; path = std_image.cpp; sourceTree = "<group>"; };
		1304B2A5219427A200BD978B /* container.jpg */ = {isa = PBXFileReference; lastKnownFileType = image.jpeg; path = container.jpg; sourceTree = "<group>"; };
		1304B3AF21951CEB00BD978B /* README.md */ = {isa = PBXFileReference; fileEncoding = 4; lastKnownFileType = net.daringfireball.markdown; path = README.md; sourceTree = "<group>"; };
		1304B3B0219533BB00BD978B /* colors.vs */ = {isa = PBXFileReference; fileEncoding = 4; lastKnownFileType = sourcecode.glsl; path = colors.vs; sourceTree = "<group>"; };
		1304B3B1219533BB00BD978B /* colors.fs */ = {isa = PBXFileReference; fileEncoding = 4; lastKnownFileType = sourcecode.glsl; path = colors.fs; sourceTree = "<group>"; };
		13709DB62195762200B5A0E2 /* IOSystem.hpp */ = {isa = PBXFileReference; fileEncoding = 4; lastKnownFileType = sourcecode.cpp.h; path = IOSystem.hpp; sourceTree = "<group>"; };
		13709DB72195762200B5A0E2 /* Logger.hpp */ = {isa = PBXFileReference; fileEncoding = 4; lastKnownFileType = sourcecode.cpp.h; path = Logger.hpp; sourceTree = "<group>"; };
		13709DB82195762200B5A0E2 /* IOStream.hpp */ = {isa = PBXFileReference; fileEncoding = 4; lastKnownFileType = sourcecode.cpp.h; path = IOStream.hpp; sourceTree = "<group>"; };
		13709DB92195762200B5A0E2 /* quaternion.inl */ = {isa = PBXFileReference; fileEncoding = 4; lastKnownFileType = text; path = quaternion.inl; sourceTree = "<group>"; };
		13709DBA2195762200B5A0E2 /* defs.h */ = {isa = PBXFileReference; fileEncoding = 4; lastKnownFileType = sourcecode.c.h; path = defs.h; sourceTree = "<group>"; };
		13709DBB2195762200B5A0E2 /* version.h */ = {isa = PBXFileReference; fileEncoding = 4; lastKnownFileType = sourcecode.c.h; path = version.h; sourceTree = "<group>"; };
		13709DBC2195762200B5A0E2 /* matrix4x4.h */ = {isa = PBXFileReference; fileEncoding = 4; lastKnownFileType = sourcecode.c.h; path = matrix4x4.h; sourceTree = "<group>"; };
		13709DBD2195762200B5A0E2 /* Importer.hpp */ = {isa = PBXFileReference; fileEncoding = 4; lastKnownFileType = sourcecode.cpp.h; path = Importer.hpp; sourceTree = "<group>"; };
		13709DBE2195762200B5A0E2 /* cfileio.h */ = {isa = PBXFileReference; fileEncoding = 4; lastKnownFileType = sourcecode.c.h; path = cfileio.h; sourceTree = "<group>"; };
		13709DBF2195762200B5A0E2 /* vector2.h */ = {isa = PBXFileReference; fileEncoding = 4; lastKnownFileType = sourcecode.c.h; path = vector2.h; sourceTree = "<group>"; };
		13709DC02195762200B5A0E2 /* config.h */ = {isa = PBXFileReference; fileEncoding = 4; lastKnownFileType = sourcecode.c.h; path = config.h; sourceTree = "<group>"; };
		13709DC12195762200B5A0E2 /* light.h */ = {isa = PBXFileReference; fileEncoding = 4; lastKnownFileType = sourcecode.c.h; path = light.h; sourceTree = "<group>"; };
		13709DC22195762200B5A0E2 /* types.h */ = {isa = PBXFileReference; fileEncoding = 4; lastKnownFileType = sourcecode.c.h; path = types.h; sourceTree = "<group>"; };
		13709DC32195762200B5A0E2 /* cimport.h */ = {isa = PBXFileReference; fileEncoding = 4; lastKnownFileType = sourcecode.c.h; path = cimport.h; sourceTree = "<group>"; };
		13709DC42195762200B5A0E2 /* camera.h */ = {isa = PBXFileReference; fileEncoding = 4; lastKnownFileType = sourcecode.c.h; path = camera.h; sourceTree = "<group>"; };
		13709DC52195762200B5A0E2 /* matrix3x3.h */ = {isa = PBXFileReference; fileEncoding = 4; lastKnownFileType = sourcecode.c.h; path = matrix3x3.h; sourceTree = "<group>"; };
		13709DC62195762200B5A0E2 /* color4.inl */ = {isa = PBXFileReference; fileEncoding = 4; lastKnownFileType = text; path = color4.inl; sourceTree = "<group>"; };
		13709DC72195762200B5A0E2 /* material.h */ = {isa = PBXFileReference; fileEncoding = 4; lastKnownFileType = sourcecode.c.h; path = material.h; sourceTree = "<group>"; };
		13709DC82195762200B5A0E2 /* ai_assert.h */ = {isa = PBXFileReference; fileEncoding = 4; lastKnownFileType = sourcecode.c.h; path = ai_assert.h; sourceTree = "<group>"; };
		13709DC92195762200B5A0E2 /* NullLogger.hpp */ = {isa = PBXFileReference; fileEncoding = 4; lastKnownFileType = sourcecode.cpp.h; path = NullLogger.hpp; sourceTree = "<group>"; };
		13709DCA2195762200B5A0E2 /* quaternion.h */ = {isa = PBXFileReference; fileEncoding = 4; lastKnownFileType = sourcecode.c.h; path = quaternion.h; sourceTree = "<group>"; };
		13709DCB2195762200B5A0E2 /* DefaultLogger.hpp */ = {isa = PBXFileReference; fileEncoding = 4; lastKnownFileType = sourcecode.cpp.h; path = DefaultLogger.hpp; sourceTree = "<group>"; };
		13709DCC2195762200B5A0E2 /* material.inl */ = {isa = PBXFileReference; fileEncoding = 4; lastKnownFileType = text; path = material.inl; sourceTree = "<group>"; };
		13709DCD2195762200B5A0E2 /* metadata.h */ = {isa = PBXFileReference; fileEncoding = 4; lastKnownFileType = sourcecode.c.h; path = metadata.h; sourceTree = "<group>"; };
		13709DCE2195762200B5A0E2 /* mesh.h */ = {isa = PBXFileReference; fileEncoding = 4; lastKnownFileType = sourcecode.c.h; path = mesh.h; sourceTree = "<group>"; };
		13709DCF2195762200B5A0E2 /* Exporter.hpp */ = {isa = PBXFileReference; fileEncoding = 4; lastKnownFileType = sourcecode.cpp.h; path = Exporter.hpp; sourceTree = "<group>"; };
		13709DD02195762200B5A0E2 /* vector2.inl */ = {isa = PBXFileReference; fileEncoding = 4; lastKnownFileType = text; path = vector2.inl; sourceTree = "<group>"; };
		13709DD12195762200B5A0E2 /* matrix4x4.inl */ = {isa = PBXFileReference; fileEncoding = 4; lastKnownFileType = text; path = matrix4x4.inl; sourceTree = "<group>"; };
		13709DD22195762200B5A0E2 /* vector3.inl */ = {isa = PBXFileReference; fileEncoding = 4; lastKnownFileType = text; path = vector3.inl; sourceTree = "<group>"; };
		13709DD32195762200B5A0E2 /* ProgressHandler.hpp */ = {isa = PBXFileReference; fileEncoding = 4; lastKnownFileType = sourcecode.cpp.h; path = ProgressHandler.hpp; sourceTree = "<group>"; };
		13709DD42195762200B5A0E2 /* cexport.h */ = {isa = PBXFileReference; fileEncoding = 4; lastKnownFileType = sourcecode.c.h; path = cexport.h; sourceTree = "<group>"; };
		13709DD52195762200B5A0E2 /* color4.h */ = {isa = PBXFileReference; fileEncoding = 4; lastKnownFileType = sourcecode.c.h; path = color4.h; sourceTree = "<group>"; };
		13709DD62195762200B5A0E2 /* anim.h */ = {isa = PBXFileReference; fileEncoding = 4; lastKnownFileType = sourcecode.c.h; path = anim.h; sourceTree = "<group>"; };
		13709DD72195762200B5A0E2 /* postprocess.h */ = {isa = PBXFileReference; fileEncoding = 4; lastKnownFileType = sourcecode.c.h; path = postprocess.h; sourceTree = "<group>"; };
		13709DD82195762200B5A0E2 /* texture.h */ = {isa = PBXFileReference; fileEncoding = 4; lastKnownFileType = sourcecode.c.h; path = texture.h; sourceTree = "<group>"; };
		13709DD92195762200B5A0E2 /* matrix3x3.inl */ = {isa = PBXFileReference; fileEncoding = 4; lastKnownFileType = text; path = matrix3x3.inl; sourceTree = "<group>"; };
		13709DDA2195762200B5A0E2 /* importerdesc.h */ = {isa = PBXFileReference; fileEncoding = 4; lastKnownFileType = sourcecode.c.h; path = importerdesc.h; sourceTree = "<group>"; };
		13709DDC2195762200B5A0E2 /* poppack1.h */ = {isa = PBXFileReference; fileEncoding = 4; lastKnownFileType = sourcecode.c.h; path = poppack1.h; sourceTree = "<group>"; };
		13709DDD2195762200B5A0E2 /* pstdint.h */ = {isa = PBXFileReference; fileEncoding = 4; lastKnownFileType = sourcecode.c.h; path = pstdint.h; sourceTree = "<group>"; };
		13709DDE2195762200B5A0E2 /* pushpack1.h */ = {isa = PBXFileReference; fileEncoding = 4; lastKnownFileType = sourcecode.c.h; path = pushpack1.h; sourceTree = "<group>"; };
		13709DDF2195762200B5A0E2 /* vector3.h */ = {isa = PBXFileReference; fileEncoding = 4; lastKnownFileType = sourcecode.c.h; path = vector3.h; sourceTree = "<group>"; };
		13709DE02195762200B5A0E2 /* scene.h */ = {isa = PBXFileReference; fileEncoding = 4; lastKnownFileType = sourcecode.c.h; path = scene.h; sourceTree = "<group>"; };
		13709DE12195762200B5A0E2 /* LogStream.hpp */ = {isa = PBXFileReference; fileEncoding = 4; lastKnownFileType = sourcecode.cpp.h; path = LogStream.hpp; sourceTree = "<group>"; };
		13709DE22195763100B5A0E2 /* libassimpd.3.1.1.dylib */ = {isa = PBXFileReference; lastKnownFileType = "compiled.mach-o.dylib"; path = libassimpd.3.1.1.dylib; sourceTree = "<group>"; };
		13709DE4219577C800B5A0E2 /* Mesh.cpp */ = {isa = PBXFileReference; lastKnownFileType = sourcecode.cpp.cpp; path = Mesh.cpp; sourceTree = "<group>"; };
		13709DE5219577C800B5A0E2 /* Mesh.hpp */ = {isa = PBXFileReference; lastKnownFileType = sourcecode.cpp.h; path = Mesh.hpp; sourceTree = "<group>"; };
		13709DE721957A9D00B5A0E2 /* Model.cpp */ = {isa = PBXFileReference; lastKnownFileType = sourcecode.cpp.cpp; path = Model.cpp; sourceTree = "<group>"; };
		13709DE821957A9D00B5A0E2 /* Model.hpp */ = {isa = PBXFileReference; lastKnownFileType = sourcecode.cpp.h; path = Model.hpp; sourceTree = "<group>"; };
		13709DEE219583BE00B5A0E2 /* model.fs */ = {isa = PBXFileReference; fileEncoding = 4; lastKnownFileType = sourcecode.glsl; path = model.fs; sourceTree = "<group>"; };
		13709DEF219583BE00B5A0E2 /* model.vs */ = {isa = PBXFileReference; fileEncoding = 4; lastKnownFileType = sourcecode.glsl; path = model.vs; sourceTree = "<group>"; };
		13709DF1219586B000B5A0E2 /* body_showroom_ddn.png */ = {isa = PBXFileReference; lastKnownFileType = image.png; path = body_showroom_ddn.png; sourceTree = "<group>"; };
		13709DF2219586B000B5A0E2 /* helmet_showroom_ddn.png */ = {isa = PBXFileReference; lastKnownFileType = image.png; path = helmet_showroom_ddn.png; sourceTree = "<group>"; };
		13709DF3219586B000B5A0E2 /* arm_showroom_ddn.png */ = {isa = PBXFileReference; lastKnownFileType = image.png; path = arm_showroom_ddn.png; sourceTree = "<group>"; };
		13709DF4219586B000B5A0E2 /* arm_showroom_spec.png */ = {isa = PBXFileReference; lastKnownFileType = image.png; path = arm_showroom_spec.png; sourceTree = "<group>"; };
		13709DF5219586B000B5A0E2 /* leg_dif.png */ = {isa = PBXFileReference; lastKnownFileType = image.png; path = leg_dif.png; sourceTree = "<group>"; };
		13709DF6219586B000B5A0E2 /* hand_showroom_spec.png */ = {isa = PBXFileReference; lastKnownFileType = image.png; path = hand_showroom_spec.png; sourceTree = "<group>"; };
		13709DF7219586B000B5A0E2 /* glass_ddn.png */ = {isa = PBXFileReference; lastKnownFileType = image.png; path = glass_ddn.png; sourceTree = "<group>"; };
		13709DF8219586B000B5A0E2 /* nanosuit.mtl */ = {isa = PBXFileReference; fileEncoding = 4; lastKnownFileType = text; path = nanosuit.mtl; sourceTree = "<group>"; };
		13709DF9219586B000B5A0E2 /* body_dif.png */ = {isa = PBXFileReference; lastKnownFileType = image.png; path = body_dif.png; sourceTree = "<group>"; };
		13709DFA219586B000B5A0E2 /* hand_showroom_ddn.png */ = {isa = PBXFileReference; lastKnownFileType = image.png; path = hand_showroom_ddn.png; sourceTree = "<group>"; };
		13709DFB219586B000B5A0E2 /* glass_dif.png */ = {isa = PBXFileReference; lastKnownFileType = image.png; path = glass_dif.png; sourceTree = "<group>"; };
		13709DFC219586B000B5A0E2 /* arm_dif.png */ = {isa = PBXFileReference; lastKnownFileType = image.png; path = arm_dif.png; sourceTree = "<group>"; };
		13709DFD219586B000B5A0E2 /* nanosuit.blend */ = {isa = PBXFileReference; lastKnownFileType = file; path = nanosuit.blend; sourceTree = "<group>"; };
		13709DFE219586B000B5A0E2 /* helmet_diff.png */ = {isa = PBXFileReference; lastKnownFileType = image.png; path = helmet_diff.png; sourceTree = "<group>"; };
		13709DFF219586B000B5A0E2 /* nanosuit.obj */ = {isa = PBXFileReference; fileEncoding = 4; lastKnownFileType = text; path = nanosuit.obj; sourceTree = "<group>"; };
		13709E00219586B000B5A0E2 /* leg_showroom_ddn.png */ = {isa = PBXFileReference; lastKnownFileType = image.png; path = leg_showroom_ddn.png; sourceTree = "<group>"; };
		13709E01219586B000B5A0E2 /* LICENSE.txt */ = {isa = PBXFileReference; fileEncoding = 4; lastKnownFileType = text; path = LICENSE.txt; sourceTree = "<group>"; };
		13709E02219586B000B5A0E2 /* helmet_showroom_spec.png */ = {isa = PBXFileReference; lastKnownFileType = image.png; path = helmet_showroom_spec.png; sourceTree = "<group>"; };
		13709E03219586B000B5A0E2 /* leg_showroom_spec.png */ = {isa = PBXFileReference; lastKnownFileType = image.png; path = leg_showroom_spec.png; sourceTree = "<group>"; };
		13709E04219586B000B5A0E2 /* body_showroom_spec.png */ = {isa = PBXFileReference; lastKnownFileType = image.png; path = body_showroom_spec.png; sourceTree = "<group>"; };
		13709E05219586B000B5A0E2 /* hand_dif.png */ = {isa = PBXFileReference; lastKnownFileType = image.png; path = hand_dif.png; sourceTree = "<group>"; };
/* End PBXFileReference section */

/* Begin PBXFrameworksBuildPhase section */
		1304B07E21915FCA00BD978B /* Frameworks */ = {
			isa = PBXFrameworksBuildPhase;
			buildActionMask = 2147483647;
			files = (
				1304B099219181F600BD978B /* libglfw.3.2.dylib in Frameworks */,
				13709DE32195763100B5A0E2 /* libassimpd.3.1.1.dylib in Frameworks */,
			);
			runOnlyForDeploymentPostprocessing = 0;
		};
/* End PBXFrameworksBuildPhase section */

/* Begin PBXGroup section */
		1304B07821915FCA00BD978B = {
			isa = PBXGroup;
			children = (
				1304B3AF21951CEB00BD978B /* README.md */,
				1304B092219181F600BD978B /* Link */,
				1304B08321915FCA00BD978B /* OpenGL */,
				1304B08221915FCA00BD978B /* Products */,
				1304B08D21917C9E00BD978B /* Frameworks */,
			);
			sourceTree = "<group>";
		};
		1304B08221915FCA00BD978B /* Products */ = {
			isa = PBXGroup;
			children = (
				1304B08121915FCA00BD978B /* OpenGL */,
			);
			name = Products;
			sourceTree = "<group>";
		};
		1304B08321915FCA00BD978B /* OpenGL */ = {
			isa = PBXGroup;
			children = (
				13709DF0219586B000B5A0E2 /* nanosuit */,
				1304B2A5219427A200BD978B /* container.jpg */,
				1304B0A32192DB5500BD978B /* shaders */,
				1304B08421915FCA00BD978B /* main.cpp */,
				1304B0A02192D43900BD978B /* Shader.cpp */,
				1304B0A12192D43900BD978B /* Shader.hpp */,
				1304B2A1219425CE00BD978B /* std_image.h */,
				1304B2A22194262C00BD978B /* std_image.cpp */,
				13709DE4219577C800B5A0E2 /* Mesh.cpp */,
				13709DE5219577C800B5A0E2 /* Mesh.hpp */,
				13709DE721957A9D00B5A0E2 /* Model.cpp */,
				13709DE821957A9D00B5A0E2 /* Model.hpp */,
			);
			path = OpenGL;
			sourceTree = "<group>";
		};
		1304B08D21917C9E00BD978B /* Frameworks */ = {
			isa = PBXGroup;
			children = (
				1304B08E21917C9E00BD978B /* OpenGL.framework */,
			);
			name = Frameworks;
			sourceTree = "<group>";
		};
		1304B092219181F600BD978B /* Link */ = {
			isa = PBXGroup;
			children = (
				1304B09E2191846600BD978B /* glad.c */,
				1304B093219181F600BD978B /* Include */,
				1304B097219181F600BD978B /* Libs */,
			);
			path = Link;
			sourceTree = "<group>";
		};
		1304B093219181F600BD978B /* Include */ = {
			isa = PBXGroup;
			children = (
				13709DB52195762200B5A0E2 /* assimp */,
				1304B09C2191845D00BD978B /* glad */,
				1304B09A2191845D00BD978B /* KHR */,
				1304B094219181F600BD978B /* GLFW */,
			);
			path = Include;
			sourceTree = "<group>";
		};
		1304B094219181F600BD978B /* GLFW */ = {
			isa = PBXGroup;
			children = (
				1304B095219181F600BD978B /* glfw3.h */,
				1304B096219181F600BD978B /* glfw3native.h */,
			);
			path = GLFW;
			sourceTree = "<group>";
		};
		1304B097219181F600BD978B /* Libs */ = {
			isa = PBXGroup;
			children = (
				13709DE22195763100B5A0E2 /* libassimpd.3.1.1.dylib */,
				1304B098219181F600BD978B /* libglfw.3.2.dylib */,
			);
			path = Libs;
			sourceTree = "<group>";
		};
		1304B09A2191845D00BD978B /* KHR */ = {
			isa = PBXGroup;
			children = (
				1304B09B2191845D00BD978B /* khrplatform.h */,
			);
			path = KHR;
			sourceTree = "<group>";
		};
		1304B09C2191845D00BD978B /* glad */ = {
			isa = PBXGroup;
			children = (
				1304B09D2191845D00BD978B /* glad.h */,
			);
			path = glad;
			sourceTree = "<group>";
		};
		1304B0A32192DB5500BD978B /* shaders */ = {
			isa = PBXGroup;
			children = (
				13709DEE219583BE00B5A0E2 /* model.fs */,
				13709DEF219583BE00B5A0E2 /* model.vs */,
				1304B3B1219533BB00BD978B /* colors.fs */,
				1304B3B0219533BB00BD978B /* colors.vs */,
				1304B0A52192DB8E00BD978B /* lamp.fs */,
				1304B0A42192DB8E00BD978B /* lamp.vs */,
			);
			path = shaders;
			sourceTree = "<group>";
		};
		13709DB52195762200B5A0E2 /* assimp */ = {
			isa = PBXGroup;
			children = (
				13709DB62195762200B5A0E2 /* IOSystem.hpp */,
				13709DB72195762200B5A0E2 /* Logger.hpp */,
				13709DB82195762200B5A0E2 /* IOStream.hpp */,
				13709DB92195762200B5A0E2 /* quaternion.inl */,
				13709DBA2195762200B5A0E2 /* defs.h */,
				13709DBB2195762200B5A0E2 /* version.h */,
				13709DBC2195762200B5A0E2 /* matrix4x4.h */,
				13709DBD2195762200B5A0E2 /* Importer.hpp */,
				13709DBE2195762200B5A0E2 /* cfileio.h */,
				13709DBF2195762200B5A0E2 /* vector2.h */,
				13709DC02195762200B5A0E2 /* config.h */,
				13709DC12195762200B5A0E2 /* light.h */,
				13709DC22195762200B5A0E2 /* types.h */,
				13709DC32195762200B5A0E2 /* cimport.h */,
				13709DC42195762200B5A0E2 /* camera.h */,
				13709DC52195762200B5A0E2 /* matrix3x3.h */,
				13709DC62195762200B5A0E2 /* color4.inl */,
				13709DC72195762200B5A0E2 /* material.h */,
				13709DC82195762200B5A0E2 /* ai_assert.h */,
				13709DC92195762200B5A0E2 /* NullLogger.hpp */,
				13709DCA2195762200B5A0E2 /* quaternion.h */,
				13709DCB2195762200B5A0E2 /* DefaultLogger.hpp */,
				13709DCC2195762200B5A0E2 /* material.inl */,
				13709DCD2195762200B5A0E2 /* metadata.h */,
				13709DCE2195762200B5A0E2 /* mesh.h */,
				13709DCF2195762200B5A0E2 /* Exporter.hpp */,
				13709DD02195762200B5A0E2 /* vector2.inl */,
				13709DD12195762200B5A0E2 /* matrix4x4.inl */,
				13709DD22195762200B5A0E2 /* vector3.inl */,
				13709DD32195762200B5A0E2 /* ProgressHandler.hpp */,
				13709DD42195762200B5A0E2 /* cexport.h */,
				13709DD52195762200B5A0E2 /* color4.h */,
				13709DD62195762200B5A0E2 /* anim.h */,
				13709DD72195762200B5A0E2 /* postprocess.h */,
				13709DD82195762200B5A0E2 /* texture.h */,
				13709DD92195762200B5A0E2 /* matrix3x3.inl */,
				13709DDA2195762200B5A0E2 /* importerdesc.h */,
				13709DDB2195762200B5A0E2 /* Compiler */,
				13709DDF2195762200B5A0E2 /* vector3.h */,
				13709DE02195762200B5A0E2 /* scene.h */,
				13709DE12195762200B5A0E2 /* LogStream.hpp */,
			);
			path = assimp;
			sourceTree = "<group>";
		};
		13709DDB2195762200B5A0E2 /* Compiler */ = {
			isa = PBXGroup;
			children = (
				13709DDC2195762200B5A0E2 /* poppack1.h */,
				13709DDD2195762200B5A0E2 /* pstdint.h */,
				13709DDE2195762200B5A0E2 /* pushpack1.h */,
			);
			path = Compiler;
			sourceTree = "<group>";
		};
		13709DF0219586B000B5A0E2 /* nanosuit */ = {
			isa = PBXGroup;
			children = (
				13709DF1219586B000B5A0E2 /* body_showroom_ddn.png */,
				13709DF2219586B000B5A0E2 /* helmet_showroom_ddn.png */,
				13709DF3219586B000B5A0E2 /* arm_showroom_ddn.png */,
				13709DF4219586B000B5A0E2 /* arm_showroom_spec.png */,
				13709DF5219586B000B5A0E2 /* leg_dif.png */,
				13709DF6219586B000B5A0E2 /* hand_showroom_spec.png */,
				13709DF7219586B000B5A0E2 /* glass_ddn.png */,
				13709DF8219586B000B5A0E2 /* nanosuit.mtl */,
				13709DF9219586B000B5A0E2 /* body_dif.png */,
				13709DFA219586B000B5A0E2 /* hand_showroom_ddn.png */,
				13709DFB219586B000B5A0E2 /* glass_dif.png */,
				13709DFC219586B000B5A0E2 /* arm_dif.png */,
				13709DFD219586B000B5A0E2 /* nanosuit.blend */,
				13709DFE219586B000B5A0E2 /* helmet_diff.png */,
				13709DFF219586B000B5A0E2 /* nanosuit.obj */,
				13709E00219586B000B5A0E2 /* leg_showroom_ddn.png */,
				13709E01219586B000B5A0E2 /* LICENSE.txt */,
				13709E02219586B000B5A0E2 /* helmet_showroom_spec.png */,
				13709E03219586B000B5A0E2 /* leg_showroom_spec.png */,
				13709E04219586B000B5A0E2 /* body_showroom_spec.png */,
				13709E05219586B000B5A0E2 /* hand_dif.png */,
			);
			path = nanosuit;
			sourceTree = "<group>";
		};
/* End PBXGroup section */

/* Begin PBXNativeTarget section */
		1304B08021915FCA00BD978B /* OpenGL */ = {
			isa = PBXNativeTarget;
			buildConfigurationList = 1304B08821915FCA00BD978B /* Build configuration list for PBXNativeTarget "OpenGL" */;
			buildPhases = (
				1304B07D21915FCA00BD978B /* Sources */,
				1304B07E21915FCA00BD978B /* Frameworks */,
				1304B07F21915FCA00BD978B /* CopyFiles */,
			);
			buildRules = (
			);
			dependencies = (
			);
			name = OpenGL;
			productName = OpenGL;
			productReference = 1304B08121915FCA00BD978B /* OpenGL */;
			productType = "com.apple.product-type.tool";
		};
/* End PBXNativeTarget section */

/* Begin PBXProject section */
		1304B07921915FCA00BD978B /* Project object */ = {
			isa = PBXProject;
			attributes = {
				LastUpgradeCheck = 1000;
				ORGANIZATIONNAME = ifuwo;
				TargetAttributes = {
					1304B08021915FCA00BD978B = {
						CreatedOnToolsVersion = 10.0;
					};
				};
			};
			buildConfigurationList = 1304B07C21915FCA00BD978B /* Build configuration list for PBXProject "OpenGL" */;
			compatibilityVersion = "Xcode 9.3";
			developmentRegion = en;
			hasScannedForEncodings = 0;
			knownRegions = (
				en,
			);
			mainGroup = 1304B07821915FCA00BD978B;
			productRefGroup = 1304B08221915FCA00BD978B /* Products */;
			projectDirPath = "";
			projectRoot = "";
			targets = (
				1304B08021915FCA00BD978B /* OpenGL */,
			);
		};
/* End PBXProject section */

/* Begin PBXSourcesBuildPhase section */
		1304B07D21915FCA00BD978B /* Sources */ = {
			isa = PBXSourcesBuildPhase;
			buildActionMask = 2147483647;
			files = (
				1304B08521915FCA00BD978B /* main.cpp in Sources */,
				1304B0A22192D43900BD978B /* Shader.cpp in Sources */,
				1304B09F2191846600BD978B /* glad.c in Sources */,
				13709DE921957A9D00B5A0E2 /* Model.cpp in Sources */,
				1304B2A32194262C00BD978B /* std_image.cpp in Sources */,
				13709DE6219577C800B5A0E2 /* Mesh.cpp in Sources */,
			);
			runOnlyForDeploymentPostprocessing = 0;
		};
/* End PBXSourcesBuildPhase section */

/* Begin XCBuildConfiguration section */
		1304B08621915FCA00BD978B /* Debug */ = {
			isa = XCBuildConfiguration;
			buildSettings = {
				ALWAYS_SEARCH_USER_PATHS = NO;
				CLANG_ANALYZER_NONNULL = YES;
				CLANG_ANALYZER_NUMBER_OBJECT_CONVERSION = YES_AGGRESSIVE;
				CLANG_CXX_LANGUAGE_STANDARD = "gnu++14";
				CLANG_CXX_LIBRARY = "libc++";
				CLANG_ENABLE_MODULES = YES;
				CLANG_ENABLE_OBJC_ARC = YES;
				CLANG_ENABLE_OBJC_WEAK = YES;
				CLANG_WARN_BLOCK_CAPTURE_AUTORELEASING = YES;
				CLANG_WARN_BOOL_CONVERSION = YES;
				CLANG_WARN_COMMA = YES;
				CLANG_WARN_CONSTANT_CONVERSION = YES;
				CLANG_WARN_DEPRECATED_OBJC_IMPLEMENTATIONS = YES;
				CLANG_WARN_DIRECT_OBJC_ISA_USAGE = YES_ERROR;
				CLANG_WARN_DOCUMENTATION_COMMENTS = YES;
				CLANG_WARN_EMPTY_BODY = YES;
				CLANG_WARN_ENUM_CONVERSION = YES;
				CLANG_WARN_INFINITE_RECURSION = YES;
				CLANG_WARN_INT_CONVERSION = YES;
				CLANG_WARN_NON_LITERAL_NULL_CONVERSION = YES;
				CLANG_WARN_OBJC_IMPLICIT_RETAIN_SELF = YES;
				CLANG_WARN_OBJC_LITERAL_CONVERSION = YES;
				CLANG_WARN_OBJC_ROOT_CLASS = YES_ERROR;
				CLANG_WARN_RANGE_LOOP_ANALYSIS = YES;
				CLANG_WARN_STRICT_PROTOTYPES = YES;
				CLANG_WARN_SUSPICIOUS_MOVE = YES;
				CLANG_WARN_UNGUARDED_AVAILABILITY = YES_AGGRESSIVE;
				CLANG_WARN_UNREACHABLE_CODE = YES;
				CLANG_WARN__DUPLICATE_METHOD_MATCH = YES;
				CODE_SIGN_IDENTITY = "-";
				COPY_PHASE_STRIP = NO;
				DEBUG_INFORMATION_FORMAT = dwarf;
				ENABLE_STRICT_OBJC_MSGSEND = YES;
				ENABLE_TESTABILITY = YES;
				GCC_C_LANGUAGE_STANDARD = gnu11;
				GCC_DYNAMIC_NO_PIC = NO;
				GCC_NO_COMMON_BLOCKS = YES;
				GCC_OPTIMIZATION_LEVEL = 0;
				GCC_PREPROCESSOR_DEFINITIONS = (
					"DEBUG=1",
					"$(inherited)",
				);
				GCC_WARN_64_TO_32_BIT_CONVERSION = YES;
				GCC_WARN_ABOUT_RETURN_TYPE = YES_ERROR;
				GCC_WARN_UNDECLARED_SELECTOR = YES;
				GCC_WARN_UNINITIALIZED_AUTOS = YES_AGGRESSIVE;
				GCC_WARN_UNUSED_FUNCTION = YES;
				GCC_WARN_UNUSED_VARIABLE = YES;
				MACOSX_DEPLOYMENT_TARGET = 10.14;
				MTL_ENABLE_DEBUG_INFO = INCLUDE_SOURCE;
				MTL_FAST_MATH = YES;
				ONLY_ACTIVE_ARCH = YES;
				SDKROOT = macosx;
			};
			name = Debug;
		};
		1304B08721915FCA00BD978B /* Release */ = {
			isa = XCBuildConfiguration;
			buildSettings = {
				ALWAYS_SEARCH_USER_PATHS = NO;
				CLANG_ANALYZER_NONNULL = YES;
				CLANG_ANALYZER_NUMBER_OBJECT_CONVERSION = YES_AGGRESSIVE;
				CLANG_CXX_LANGUAGE_STANDARD = "gnu++14";
				CLANG_CXX_LIBRARY = "libc++";
				CLANG_ENABLE_MODULES = YES;
				CLANG_ENABLE_OBJC_ARC = YES;
				CLANG_ENABLE_OBJC_WEAK = YES;
				CLANG_WARN_BLOCK_CAPTURE_AUTORELEASING = YES;
				CLANG_WARN_BOOL_CONVERSION = YES;
				CLANG_WARN_COMMA = YES;
				CLANG_WARN_CONSTANT_CONVERSION = YES;
				CLANG_WARN_DEPRECATED_OBJC_IMPLEMENTATIONS = YES;
				CLANG_WARN_DIRECT_OBJC_ISA_USAGE = YES_ERROR;
				CLANG_WARN_DOCUMENTATION_COMMENTS = YES;
				CLANG_WARN_EMPTY_BODY = YES;
				CLANG_WARN_ENUM_CONVERSION = YES;
				CLANG_WARN_INFINITE_RECURSION = YES;
				CLANG_WARN_INT_CONVERSION = YES;
				CLANG_WARN_NON_LITERAL_NULL_CONVERSION = YES;
				CLANG_WARN_OBJC_IMPLICIT_RETAIN_SELF = YES;
				CLANG_WARN_OBJC_LITERAL_CONVERSION = YES;
				CLANG_WARN_OBJC_ROOT_CLASS = YES_ERROR;
				CLANG_WARN_RANGE_LOOP_ANALYSIS = YES;
				CLANG_WARN_STRICT_PROTOTYPES = YES;
				CLANG_WARN_SUSPICIOUS_MOVE = YES;
				CLANG_WARN_UNGUARDED_AVAILABILITY = YES_AGGRESSIVE;
				CLANG_WARN_UNREACHABLE_CODE = YES;
				CLANG_WARN__DUPLICATE_METHOD_MATCH = YES;
				CODE_SIGN_IDENTITY = "-";
				COPY_PHASE_STRIP = NO;
				DEBUG_INFORMATION_FORMAT = "dwarf-with-dsym";
				ENABLE_NS_ASSERTIONS = NO;
				ENABLE_STRICT_OBJC_MSGSEND = YES;
				GCC_C_LANGUAGE_STANDARD = gnu11;
				GCC_NO_COMMON_BLOCKS = YES;
				GCC_WARN_64_TO_32_BIT_CONVERSION = YES;
				GCC_WARN_ABOUT_RETURN_TYPE = YES_ERROR;
				GCC_WARN_UNDECLARED_SELECTOR = YES;
				GCC_WARN_UNINITIALIZED_AUTOS = YES_AGGRESSIVE;
				GCC_WARN_UNUSED_FUNCTION = YES;
				GCC_WARN_UNUSED_VARIABLE = YES;
				MACOSX_DEPLOYMENT_TARGET = 10.14;
				MTL_ENABLE_DEBUG_INFO = NO;
				MTL_FAST_MATH = YES;
				SDKROOT = macosx;
			};
			name = Release;
		};
		1304B08921915FCA00BD978B /* Debug */ = {
			isa = XCBuildConfiguration;
			buildSettings = {
				CODE_SIGN_STYLE = Automatic;
				HEADER_SEARCH_PATHS = "";
				LIBRARY_SEARCH_PATHS = "$(PROJECT_DIR)/Link/Libs";
				PRODUCT_NAME = "$(TARGET_NAME)";
			};
			name = Debug;
		};
		1304B08A21915FCA00BD978B /* Release */ = {
			isa = XCBuildConfiguration;
			buildSettings = {
				CODE_SIGN_STYLE = Automatic;
				HEADER_SEARCH_PATHS = "";
				LIBRARY_SEARCH_PATHS = "$(PROJECT_DIR)/Link/Libs";
				PRODUCT_NAME = "$(TARGET_NAME)";
			};
			name = Release;
		};
/* End XCBuildConfiguration section */

/* Begin XCConfigurationList section */
		1304B07C21915FCA00BD978B /* Build configuration list for PBXProject "OpenGL" */ = {
			isa = XCConfigurationList;
			buildConfigurations = (
				1304B08621915FCA00BD978B /* Debug */,
				1304B08721915FCA00BD978B /* Release */,
			);
			defaultConfigurationIsVisible = 0;
			defaultConfigurationName = Release;
		};
		1304B08821915FCA00BD978B /* Build configuration list for PBXNativeTarget "OpenGL" */ = {
			isa = XCConfigurationList;
			buildConfigurations = (
				1304B08921915FCA00BD978B /* Debug */,
				1304B08A21915FCA00BD978B /* Release */,
			);
			defaultConfigurationIsVisible = 0;
			defaultConfigurationName = Release;
		};
/* End XCConfigurationList section */
	};
	rootObject = 1304B07921915FCA00BD978B /* Project object */;
}
